github.com/alecthomas/repr v0.5.1 h1:E3G4t2QbHTSNpPKBgMTln5KLkZHLOcU7r37J4pXBuIg=
github.com/alecthomas/repr v0.5.1/go.mod h1:Fr0507jx4eOXV7AlPV6AVZLYrLIuIeSOWtW57eE/O/4=
github.com/tlinden/swayipc v0.3.0 h1:hGNWeEZUZIHfeP+MxpAKsUzPf3YSJ0FYX2XEu/yqNXA=
github.com/tlinden/swayipc v0.3.0/go.mod h1:JwlMIC7eBwV8soCt2UDqlAyBudobLo07ZvepIA0irY8=
